// !$*UTF8*$!
{
	archiveVersion = 1;
	classes = {
	};
	objectVersion = 56;
	objects = {

/* Begin PBXBuildFile section */
		74436B162CD87B17007B4B3B /* CardView.swift in Sources */ = {isa = PBXBuildFile; fileRef = 74436B152CD87B17007B4B3B /* CardView.swift */; };
		746519D02CD9C2A100A238B9 /* InstanceService.swift in Sources */ = {isa = PBXBuildFile; fileRef = 746519CF2CD9C2A100A238B9 /* InstanceService.swift */; };
		746519D62CD9C65C00A238B9 /* InstanceInfo.swift in Sources */ = {isa = PBXBuildFile; fileRef = 746519D52CD9C65C00A238B9 /* InstanceInfo.swift */; };
		746519D82CD9C66300A238B9 /* InstanceRepository.swift in Sources */ = {isa = PBXBuildFile; fileRef = 746519D72CD9C66300A238B9 /* InstanceRepository.swift */; };
		A775DAC12CC99F7500492319 /* AccountInfo.swift in Sources */ = {isa = PBXBuildFile; fileRef = A775DABF2CC99F7500492319 /* AccountInfo.swift */; };
		A775DAC32CCA8BD700492319 /* AccountService.swift in Sources */ = {isa = PBXBuildFile; fileRef = A775DAC22CCA8BD200492319 /* AccountService.swift */; };
		A775DAC52CCACE5700492319 /* PostActionBar.swift in Sources */ = {isa = PBXBuildFile; fileRef = A775DAC42CCACE5700492319 /* PostActionBar.swift */; };
		A776EDCB2C457BB800CA3139 /* DiverApp.swift in Sources */ = {isa = PBXBuildFile; fileRef = A776EDCA2C457BB800CA3139 /* DiverApp.swift */; };
		A776EDCD2C457BB800CA3139 /* ContentView.swift in Sources */ = {isa = PBXBuildFile; fileRef = A776EDCC2C457BB800CA3139 /* ContentView.swift */; };
		A776EDCF2C457BB900CA3139 /* Assets.xcassets in Resources */ = {isa = PBXBuildFile; fileRef = A776EDCE2C457BB900CA3139 /* Assets.xcassets */; };
		A776EDD32C457BB900CA3139 /* Preview Assets.xcassets in Resources */ = {isa = PBXBuildFile; fileRef = A776EDD22C457BB900CA3139 /* Preview Assets.xcassets */; };
		A776EDDD2C457BB900CA3139 /* DiverTests.swift in Sources */ = {isa = PBXBuildFile; fileRef = A776EDDC2C457BB900CA3139 /* DiverTests.swift */; };
		A776EDE72C457BB900CA3139 /* DiverUITests.swift in Sources */ = {isa = PBXBuildFile; fileRef = A776EDE62C457BB900CA3139 /* DiverUITests.swift */; };
		A776EDE92C457BB900CA3139 /* DiverUITestsLaunchTests.swift in Sources */ = {isa = PBXBuildFile; fileRef = A776EDE82C457BB900CA3139 /* DiverUITestsLaunchTests.swift */; };
		A776EDF72C457C0300CA3139 /* TootSDK in Frameworks */ = {isa = PBXBuildFile; productRef = A776EDF62C457C0300CA3139 /* TootSDK */; };
		A776EDF92C457DE500CA3139 /* Posts.swift in Sources */ = {isa = PBXBuildFile; fileRef = A776EDF82C457DE500CA3139 /* Posts.swift */; };
		A776EE012C45973600CA3139 /* PostInfo.swift in Sources */ = {isa = PBXBuildFile; fileRef = A776EE002C45973600CA3139 /* PostInfo.swift */; };
		A776EE062C459DDA00CA3139 /* Failure.swift in Sources */ = {isa = PBXBuildFile; fileRef = A776EE052C459DDA00CA3139 /* Failure.swift */; };
		A776EE092C459DF900CA3139 /* PostsRepository.swift in Sources */ = {isa = PBXBuildFile; fileRef = A776EE082C459DF900CA3139 /* PostsRepository.swift */; };
		A776EE0B2C459FFC00CA3139 /* PostView.swift in Sources */ = {isa = PBXBuildFile; fileRef = A776EE0A2C459FFC00CA3139 /* PostView.swift */; };
		A776EE0D2C45AA2E00CA3139 /* AvatarView.swift in Sources */ = {isa = PBXBuildFile; fileRef = A776EE0C2C45AA2E00CA3139 /* AvatarView.swift */; };
		A776EE0F2C45B29800CA3139 /* TimelineView.swift in Sources */ = {isa = PBXBuildFile; fileRef = A776EE0E2C45B29800CA3139 /* TimelineView.swift */; };
		A776EE112C45BF9400CA3139 /* PostDetailView.swift in Sources */ = {isa = PBXBuildFile; fileRef = A776EE102C45BF9400CA3139 /* PostDetailView.swift */; };
		A790BCF72CCBE64A004E4761 /* AccountRepository.swift in Sources */ = {isa = PBXBuildFile; fileRef = A790BCF62CCBE64A004E4761 /* AccountRepository.swift */; };
		A790BCF92CCBE821004E4761 /* ExploreView.swift in Sources */ = {isa = PBXBuildFile; fileRef = A790BCF82CCBE821004E4761 /* ExploreView.swift */; };
		A790BCFB2CCBE846004E4761 /* Accounts.swift in Sources */ = {isa = PBXBuildFile; fileRef = A790BCFA2CCBE846004E4761 /* Accounts.swift */; };
		A790BCFE2CCC3EFF004E4761 /* ProfileView.swift in Sources */ = {isa = PBXBuildFile; fileRef = A790BCFD2CCC3EFF004E4761 /* ProfileView.swift */; };
		A790BD002CCC45F7004E4761 /* ExploreNav.swift in Sources */ = {isa = PBXBuildFile; fileRef = A790BCFF2CCC45F7004E4761 /* ExploreNav.swift */; };
		A7BB5BC02C4AB6DF00B6DFA1 /* Values.swift in Sources */ = {isa = PBXBuildFile; fileRef = A7BB5BBF2C4AB6DF00B6DFA1 /* Values.swift */; };
		A7BB5BC22C4ABD7B00B6DFA1 /* Navigator.swift in Sources */ = {isa = PBXBuildFile; fileRef = A7BB5BC12C4ABD7B00B6DFA1 /* Navigator.swift */; };
		A7BB5BC62C4AEB3F00B6DFA1 /* AppDelegate.swift in Sources */ = {isa = PBXBuildFile; fileRef = A7BB5BC52C4AEB3F00B6DFA1 /* AppDelegate.swift */; };
		A7BB5BCD2C50361B00B6DFA1 /* PostsTests.swift in Sources */ = {isa = PBXBuildFile; fileRef = A7BB5BCC2C50361B00B6DFA1 /* PostsTests.swift */; };
		A7BB5BCF2C51748100B6DFA1 /* Notifications.swift in Sources */ = {isa = PBXBuildFile; fileRef = A7BB5BCE2C51748100B6DFA1 /* Notifications.swift */; };
		A7BB5BD52C58342F00B6DFA1 /* PostInfo+AttributedBody.swift in Sources */ = {isa = PBXBuildFile; fileRef = A7BB5BD42C58342F00B6DFA1 /* PostInfo+AttributedBody.swift */; };
		A7BB5BD72C592AC800B6DFA1 /* Localizable.xcstrings in Resources */ = {isa = PBXBuildFile; fileRef = A7BB5BD62C592AC800B6DFA1 /* Localizable.xcstrings */; };
		A7BB5BDA2C59372300B6DFA1 /* BlockQuote.swift in Sources */ = {isa = PBXBuildFile; fileRef = A7BB5BD92C59372300B6DFA1 /* BlockQuote.swift */; };
		A7BB5BDC2C59460400B6DFA1 /* AuthorHeader.swift in Sources */ = {isa = PBXBuildFile; fileRef = A7BB5BDB2C59460400B6DFA1 /* AuthorHeader.swift */; };
		A7BB5BEF2C5AD1BC00B6DFA1 /* Session.swift in Sources */ = {isa = PBXBuildFile; fileRef = A7BB5BEE2C5AD1BC00B6DFA1 /* Session.swift */; };
		A7BB5BF42C5AD93C00B6DFA1 /* SessionRepository.swift in Sources */ = {isa = PBXBuildFile; fileRef = A7BB5BF32C5AD93C00B6DFA1 /* SessionRepository.swift */; };
		A7BB5BF62C5AD94500B6DFA1 /* SessionInfo.swift in Sources */ = {isa = PBXBuildFile; fileRef = A7BB5BF52C5AD94500B6DFA1 /* SessionInfo.swift */; };
		A7BB5BF82C5BDFD900B6DFA1 /* SessionTests.swift in Sources */ = {isa = PBXBuildFile; fileRef = A7BB5BF72C5BDFD900B6DFA1 /* SessionTests.swift */; };
		A7BB5BFB2C5C08BF00B6DFA1 /* SwiftKeychainWrapper in Frameworks */ = {isa = PBXBuildFile; productRef = A7BB5BFA2C5C08BF00B6DFA1 /* SwiftKeychainWrapper */; };
		A7BB5BFE2C5C104800B6DFA1 /* TokenService.swift in Sources */ = {isa = PBXBuildFile; fileRef = A7BB5BFD2C5C104800B6DFA1 /* TokenService.swift */; };
		A7BB5C022C5C1E2E00B6DFA1 /* LoginView.swift in Sources */ = {isa = PBXBuildFile; fileRef = A7BB5C012C5C1E2E00B6DFA1 /* LoginView.swift */; };
		A7BB5C042C5D5BC000B6DFA1 /* BubbleView.swift in Sources */ = {isa = PBXBuildFile; fileRef = A7BB5C032C5D5BC000B6DFA1 /* BubbleView.swift */; };
		A7BB5C062C5D5DD300B6DFA1 /* PrimaryButtonStyle.swift in Sources */ = {isa = PBXBuildFile; fileRef = A7BB5C052C5D5DD300B6DFA1 /* PrimaryButtonStyle.swift */; };
		A7BB5C082C5D624F00B6DFA1 /* PostComposer.swift in Sources */ = {isa = PBXBuildFile; fileRef = A7BB5C072C5D624F00B6DFA1 /* PostComposer.swift */; };
		A7E3814F2C6AB3BC00A94FB0 /* TimelineNav.swift in Sources */ = {isa = PBXBuildFile; fileRef = A7E3814E2C6AB3BC00A94FB0 /* TimelineNav.swift */; };
		A7E381512C6AB3C100A94FB0 /* ProfileNav.swift in Sources */ = {isa = PBXBuildFile; fileRef = A7E381502C6AB3C100A94FB0 /* ProfileNav.swift */; };
		A7E3AABF2CDAAC4F0064B62A /* Instances.swift in Sources */ = {isa = PBXBuildFile; fileRef = A7E3AABE2CDAAC4F0064B62A /* Instances.swift */; };
		A7E3AAC12CDAACBC0064B62A /* InstanceTests.swift in Sources */ = {isa = PBXBuildFile; fileRef = A7E3AAC02CDAACBC0064B62A /* InstanceTests.swift */; };
		A7E3AAC32CDBE2BB0064B62A /* InstanceList.swift in Sources */ = {isa = PBXBuildFile; fileRef = A7E3AAC22CDBE2BB0064B62A /* InstanceList.swift */; };
/* End PBXBuildFile section */

/* Begin PBXContainerItemProxy section */
		A776EDD92C457BB900CA3139 /* PBXContainerItemProxy */ = {
			isa = PBXContainerItemProxy;
			containerPortal = A776EDBF2C457BB800CA3139 /* Project object */;
			proxyType = 1;
			remoteGlobalIDString = A776EDC62C457BB800CA3139;
			remoteInfo = Diver;
		};
		A776EDE32C457BB900CA3139 /* PBXContainerItemProxy */ = {
			isa = PBXContainerItemProxy;
			containerPortal = A776EDBF2C457BB800CA3139 /* Project object */;
			proxyType = 1;
			remoteGlobalIDString = A776EDC62C457BB800CA3139;
			remoteInfo = Diver;
		};
/* End PBXContainerItemProxy section */

/* Begin PBXFileReference section */
		74436B142CD8799E007B4B3B /* SCRATCH.md */ = {isa = PBXFileReference; lastKnownFileType = net.daringfireball.markdown; path = SCRATCH.md; sourceTree = "<group>"; };
		74436B152CD87B17007B4B3B /* CardView.swift */ = {isa = PBXFileReference; lastKnownFileType = sourcecode.swift; path = CardView.swift; sourceTree = "<group>"; };
		746519CF2CD9C2A100A238B9 /* InstanceService.swift */ = {isa = PBXFileReference; lastKnownFileType = sourcecode.swift; path = InstanceService.swift; sourceTree = "<group>"; };
		746519D52CD9C65C00A238B9 /* InstanceInfo.swift */ = {isa = PBXFileReference; lastKnownFileType = sourcecode.swift; path = InstanceInfo.swift; sourceTree = "<group>"; };
		746519D72CD9C66300A238B9 /* InstanceRepository.swift */ = {isa = PBXFileReference; lastKnownFileType = sourcecode.swift; path = InstanceRepository.swift; sourceTree = "<group>"; };
		A775DABF2CC99F7500492319 /* AccountInfo.swift */ = {isa = PBXFileReference; lastKnownFileType = sourcecode.swift; path = AccountInfo.swift; sourceTree = "<group>"; };
		A775DAC22CCA8BD200492319 /* AccountService.swift */ = {isa = PBXFileReference; lastKnownFileType = sourcecode.swift; path = AccountService.swift; sourceTree = "<group>"; };
		A775DAC42CCACE5700492319 /* PostActionBar.swift */ = {isa = PBXFileReference; lastKnownFileType = sourcecode.swift; path = PostActionBar.swift; sourceTree = "<group>"; };
		A776EDC72C457BB800CA3139 /* Diver.app */ = {isa = PBXFileReference; explicitFileType = wrapper.application; includeInIndex = 0; path = Diver.app; sourceTree = BUILT_PRODUCTS_DIR; };
		A776EDCA2C457BB800CA3139 /* DiverApp.swift */ = {isa = PBXFileReference; lastKnownFileType = sourcecode.swift; path = DiverApp.swift; sourceTree = "<group>"; };
		A776EDCC2C457BB800CA3139 /* ContentView.swift */ = {isa = PBXFileReference; lastKnownFileType = sourcecode.swift; path = ContentView.swift; sourceTree = "<group>"; };
		A776EDCE2C457BB900CA3139 /* Assets.xcassets */ = {isa = PBXFileReference; lastKnownFileType = folder.assetcatalog; path = Assets.xcassets; sourceTree = "<group>"; };
		A776EDD02C457BB900CA3139 /* Diver.entitlements */ = {isa = PBXFileReference; lastKnownFileType = text.plist.entitlements; path = Diver.entitlements; sourceTree = "<group>"; };
		A776EDD22C457BB900CA3139 /* Preview Assets.xcassets */ = {isa = PBXFileReference; lastKnownFileType = folder.assetcatalog; path = "Preview Assets.xcassets"; sourceTree = "<group>"; };
		A776EDD82C457BB900CA3139 /* DiverTests.xctest */ = {isa = PBXFileReference; explicitFileType = wrapper.cfbundle; includeInIndex = 0; path = DiverTests.xctest; sourceTree = BUILT_PRODUCTS_DIR; };
		A776EDDC2C457BB900CA3139 /* DiverTests.swift */ = {isa = PBXFileReference; lastKnownFileType = sourcecode.swift; path = DiverTests.swift; sourceTree = "<group>"; };
		A776EDE22C457BB900CA3139 /* DiverUITests.xctest */ = {isa = PBXFileReference; explicitFileType = wrapper.cfbundle; includeInIndex = 0; path = DiverUITests.xctest; sourceTree = BUILT_PRODUCTS_DIR; };
		A776EDE62C457BB900CA3139 /* DiverUITests.swift */ = {isa = PBXFileReference; lastKnownFileType = sourcecode.swift; path = DiverUITests.swift; sourceTree = "<group>"; };
		A776EDE82C457BB900CA3139 /* DiverUITestsLaunchTests.swift */ = {isa = PBXFileReference; lastKnownFileType = sourcecode.swift; path = DiverUITestsLaunchTests.swift; sourceTree = "<group>"; };
		A776EDF82C457DE500CA3139 /* Posts.swift */ = {isa = PBXFileReference; lastKnownFileType = sourcecode.swift; path = Posts.swift; sourceTree = "<group>"; };
		A776EE002C45973600CA3139 /* PostInfo.swift */ = {isa = PBXFileReference; lastKnownFileType = sourcecode.swift; path = PostInfo.swift; sourceTree = "<group>"; };
		A776EE052C459DDA00CA3139 /* Failure.swift */ = {isa = PBXFileReference; lastKnownFileType = sourcecode.swift; path = Failure.swift; sourceTree = "<group>"; };
		A776EE082C459DF900CA3139 /* PostsRepository.swift */ = {isa = PBXFileReference; lastKnownFileType = sourcecode.swift; path = PostsRepository.swift; sourceTree = "<group>"; };
		A776EE0A2C459FFC00CA3139 /* PostView.swift */ = {isa = PBXFileReference; lastKnownFileType = sourcecode.swift; path = PostView.swift; sourceTree = "<group>"; };
		A776EE0C2C45AA2E00CA3139 /* AvatarView.swift */ = {isa = PBXFileReference; lastKnownFileType = sourcecode.swift; path = AvatarView.swift; sourceTree = "<group>"; };
		A776EE0E2C45B29800CA3139 /* TimelineView.swift */ = {isa = PBXFileReference; lastKnownFileType = sourcecode.swift; path = TimelineView.swift; sourceTree = "<group>"; };
		A776EE102C45BF9400CA3139 /* PostDetailView.swift */ = {isa = PBXFileReference; lastKnownFileType = sourcecode.swift; path = PostDetailView.swift; sourceTree = "<group>"; };
		A790BCF62CCBE64A004E4761 /* AccountRepository.swift */ = {isa = PBXFileReference; lastKnownFileType = sourcecode.swift; path = AccountRepository.swift; sourceTree = "<group>"; };
		A790BCF82CCBE821004E4761 /* ExploreView.swift */ = {isa = PBXFileReference; lastKnownFileType = sourcecode.swift; path = ExploreView.swift; sourceTree = "<group>"; };
		A790BCFA2CCBE846004E4761 /* Accounts.swift */ = {isa = PBXFileReference; lastKnownFileType = sourcecode.swift; path = Accounts.swift; sourceTree = "<group>"; };
		A790BCFD2CCC3EFF004E4761 /* ProfileView.swift */ = {isa = PBXFileReference; lastKnownFileType = sourcecode.swift; path = ProfileView.swift; sourceTree = "<group>"; };
		A790BCFF2CCC45F7004E4761 /* ExploreNav.swift */ = {isa = PBXFileReference; lastKnownFileType = sourcecode.swift; path = ExploreNav.swift; sourceTree = "<group>"; };
		A7BB5BBA2C49AFD700B6DFA1 /* README.md */ = {isa = PBXFileReference; lastKnownFileType = net.daringfireball.markdown; path = README.md; sourceTree = "<group>"; };
		A7BB5BBF2C4AB6DF00B6DFA1 /* Values.swift */ = {isa = PBXFileReference; lastKnownFileType = sourcecode.swift; path = Values.swift; sourceTree = "<group>"; };
		A7BB5BC12C4ABD7B00B6DFA1 /* Navigator.swift */ = {isa = PBXFileReference; lastKnownFileType = sourcecode.swift; path = Navigator.swift; sourceTree = "<group>"; };
		A7BB5BC52C4AEB3F00B6DFA1 /* AppDelegate.swift */ = {isa = PBXFileReference; lastKnownFileType = sourcecode.swift; path = AppDelegate.swift; sourceTree = "<group>"; };
		A7BB5BC92C4B04E900B6DFA1 /* Info.plist */ = {isa = PBXFileReference; lastKnownFileType = text.plist; path = Info.plist; sourceTree = "<group>"; };
		A7BB5BCC2C50361B00B6DFA1 /* PostsTests.swift */ = {isa = PBXFileReference; lastKnownFileType = sourcecode.swift; path = PostsTests.swift; sourceTree = "<group>"; };
		A7BB5BCE2C51748100B6DFA1 /* Notifications.swift */ = {isa = PBXFileReference; lastKnownFileType = sourcecode.swift; path = Notifications.swift; sourceTree = "<group>"; };
		A7BB5BD42C58342F00B6DFA1 /* PostInfo+AttributedBody.swift */ = {isa = PBXFileReference; lastKnownFileType = sourcecode.swift; path = "PostInfo+AttributedBody.swift"; sourceTree = "<group>"; };
		A7BB5BD62C592AC800B6DFA1 /* Localizable.xcstrings */ = {isa = PBXFileReference; lastKnownFileType = text.json.xcstrings; path = Localizable.xcstrings; sourceTree = "<group>"; };
		A7BB5BD92C59372300B6DFA1 /* BlockQuote.swift */ = {isa = PBXFileReference; lastKnownFileType = sourcecode.swift; path = BlockQuote.swift; sourceTree = "<group>"; };
		A7BB5BDB2C59460400B6DFA1 /* AuthorHeader.swift */ = {isa = PBXFileReference; lastKnownFileType = sourcecode.swift; path = AuthorHeader.swift; sourceTree = "<group>"; };
		A7BB5BEE2C5AD1BC00B6DFA1 /* Session.swift */ = {isa = PBXFileReference; lastKnownFileType = sourcecode.swift; path = Session.swift; sourceTree = "<group>"; };
		A7BB5BF32C5AD93C00B6DFA1 /* SessionRepository.swift */ = {isa = PBXFileReference; lastKnownFileType = sourcecode.swift; path = SessionRepository.swift; sourceTree = "<group>"; };
		A7BB5BF52C5AD94500B6DFA1 /* SessionInfo.swift */ = {isa = PBXFileReference; lastKnownFileType = sourcecode.swift; path = SessionInfo.swift; sourceTree = "<group>"; };
		A7BB5BF72C5BDFD900B6DFA1 /* SessionTests.swift */ = {isa = PBXFileReference; lastKnownFileType = sourcecode.swift; path = SessionTests.swift; sourceTree = "<group>"; };
		A7BB5BFD2C5C104800B6DFA1 /* TokenService.swift */ = {isa = PBXFileReference; lastKnownFileType = sourcecode.swift; path = TokenService.swift; sourceTree = "<group>"; };
		A7BB5C012C5C1E2E00B6DFA1 /* LoginView.swift */ = {isa = PBXFileReference; lastKnownFileType = sourcecode.swift; path = LoginView.swift; sourceTree = "<group>"; };
		A7BB5C032C5D5BC000B6DFA1 /* BubbleView.swift */ = {isa = PBXFileReference; lastKnownFileType = sourcecode.swift; path = BubbleView.swift; sourceTree = "<group>"; };
		A7BB5C052C5D5DD300B6DFA1 /* PrimaryButtonStyle.swift */ = {isa = PBXFileReference; lastKnownFileType = sourcecode.swift; path = PrimaryButtonStyle.swift; sourceTree = "<group>"; };
		A7BB5C072C5D624F00B6DFA1 /* PostComposer.swift */ = {isa = PBXFileReference; lastKnownFileType = sourcecode.swift; path = PostComposer.swift; sourceTree = "<group>"; };
		A7E3814E2C6AB3BC00A94FB0 /* TimelineNav.swift */ = {isa = PBXFileReference; lastKnownFileType = sourcecode.swift; path = TimelineNav.swift; sourceTree = "<group>"; };
		A7E381502C6AB3C100A94FB0 /* ProfileNav.swift */ = {isa = PBXFileReference; lastKnownFileType = sourcecode.swift; path = ProfileNav.swift; sourceTree = "<group>"; };
		A7E3AABE2CDAAC4F0064B62A /* Instances.swift */ = {isa = PBXFileReference; lastKnownFileType = sourcecode.swift; path = Instances.swift; sourceTree = "<group>"; };
		A7E3AAC02CDAACBC0064B62A /* InstanceTests.swift */ = {isa = PBXFileReference; lastKnownFileType = sourcecode.swift; path = InstanceTests.swift; sourceTree = "<group>"; };
		A7E3AAC22CDBE2BB0064B62A /* InstanceList.swift */ = {isa = PBXFileReference; lastKnownFileType = sourcecode.swift; path = InstanceList.swift; sourceTree = "<group>"; };
/* End PBXFileReference section */

/* Begin PBXFrameworksBuildPhase section */
		A776EDC42C457BB800CA3139 /* Frameworks */ = {
			isa = PBXFrameworksBuildPhase;
			buildActionMask = 2147483647;
			files = (
				A7BB5BFB2C5C08BF00B6DFA1 /* SwiftKeychainWrapper in Frameworks */,
				A776EDF72C457C0300CA3139 /* TootSDK in Frameworks */,
			);
			runOnlyForDeploymentPostprocessing = 0;
		};
		A776EDD52C457BB900CA3139 /* Frameworks */ = {
			isa = PBXFrameworksBuildPhase;
			buildActionMask = 2147483647;
			files = (
			);
			runOnlyForDeploymentPostprocessing = 0;
		};
		A776EDDF2C457BB900CA3139 /* Frameworks */ = {
			isa = PBXFrameworksBuildPhase;
			buildActionMask = 2147483647;
			files = (
			);
			runOnlyForDeploymentPostprocessing = 0;
		};
/* End PBXFrameworksBuildPhase section */

/* Begin PBXGroup section */
		746519D32CD9C64100A238B9 /* Instance */ = {
			isa = PBXGroup;
			children = (
				746519D52CD9C65C00A238B9 /* InstanceInfo.swift */,
				746519D72CD9C66300A238B9 /* InstanceRepository.swift */,
			);
			path = Instance;
			sourceTree = "<group>";
		};
		A775DAC02CC99F7500492319 /* Account */ = {
			isa = PBXGroup;
			children = (
				A775DABF2CC99F7500492319 /* AccountInfo.swift */,
				A790BCF62CCBE64A004E4761 /* AccountRepository.swift */,
			);
			path = Account;
			sourceTree = "<group>";
		};
		A776EDBE2C457BB800CA3139 = {
			isa = PBXGroup;
			children = (
				74436B142CD8799E007B4B3B /* SCRATCH.md */,
				A7BB5BBA2C49AFD700B6DFA1 /* README.md */,
				A776EDC92C457BB800CA3139 /* Diver */,
				A776EDDB2C457BB900CA3139 /* DiverTests */,
				A776EDE52C457BB900CA3139 /* DiverUITests */,
				A776EDC82C457BB800CA3139 /* Products */,
			);
			sourceTree = "<group>";
		};
		A776EDC82C457BB800CA3139 /* Products */ = {
			isa = PBXGroup;
			children = (
				A776EDC72C457BB800CA3139 /* Diver.app */,
				A776EDD82C457BB900CA3139 /* DiverTests.xctest */,
				A776EDE22C457BB900CA3139 /* DiverUITests.xctest */,
			);
			name = Products;
			sourceTree = "<group>";
		};
		A776EDC92C457BB800CA3139 /* Diver */ = {
			isa = PBXGroup;
			children = (
				A7BB5BC52C4AEB3F00B6DFA1 /* AppDelegate.swift */,
				A776EDCE2C457BB900CA3139 /* Assets.xcassets */,
				A776EDD02C457BB900CA3139 /* Diver.entitlements */,
				A776EDCA2C457BB800CA3139 /* DiverApp.swift */,
				A7BB5BC92C4B04E900B6DFA1 /* Info.plist */,
				A7BB5BD62C592AC800B6DFA1 /* Localizable.xcstrings */,
				A776EDD12C457BB900CA3139 /* Preview Content */,
				A790BCFC2CCC3ED1004E4761 /* Sources */,
				A7BB5BBF2C4AB6DF00B6DFA1 /* Values.swift */,
			);
			path = Diver;
			sourceTree = "<group>";
		};
		A776EDD12C457BB900CA3139 /* Preview Content */ = {
			isa = PBXGroup;
			children = (
				A776EDD22C457BB900CA3139 /* Preview Assets.xcassets */,
			);
			path = "Preview Content";
			sourceTree = "<group>";
		};
		A776EDDB2C457BB900CA3139 /* DiverTests */ = {
			isa = PBXGroup;
			children = (
				A7E3AAC02CDAACBC0064B62A /* InstanceTests.swift */,
				A776EDDC2C457BB900CA3139 /* DiverTests.swift */,
				A7BB5BCC2C50361B00B6DFA1 /* PostsTests.swift */,
				A7BB5BF72C5BDFD900B6DFA1 /* SessionTests.swift */,
			);
			path = DiverTests;
			sourceTree = "<group>";
		};
		A776EDE52C457BB900CA3139 /* DiverUITests */ = {
			isa = PBXGroup;
			children = (
				A776EDE62C457BB900CA3139 /* DiverUITests.swift */,
				A776EDE82C457BB900CA3139 /* DiverUITestsLaunchTests.swift */,
			);
			path = DiverUITests;
			sourceTree = "<group>";
		};
		A776EE022C459D3800CA3139 /* Models */ = {
			isa = PBXGroup;
			children = (
				A775DAC02CC99F7500492319 /* Account */,
				746519D32CD9C64100A238B9 /* Instance */,
				A776EE052C459DDA00CA3139 /* Failure.swift */,
				A776EE072C459DE900CA3139 /* Post */,
				A7BB5BF22C5AD93100B6DFA1 /* Session */,
			);
			path = Models;
			sourceTree = "<group>";
		};
		A776EE032C459D3E00CA3139 /* Observables */ = {
			isa = PBXGroup;
			children = (
				A790BCFA2CCBE846004E4761 /* Accounts.swift */,
				A7E3AABE2CDAAC4F0064B62A /* Instances.swift */,
				A7BB5BC12C4ABD7B00B6DFA1 /* Navigator.swift */,
				A7BB5BCE2C51748100B6DFA1 /* Notifications.swift */,
				A776EDF82C457DE500CA3139 /* Posts.swift */,
				A7BB5BEE2C5AD1BC00B6DFA1 /* Session.swift */,
			);
			path = Observables;
			sourceTree = "<group>";
		};
		A776EE042C459D4B00CA3139 /* Views */ = {
			isa = PBXGroup;
			children = (
				A7BB5BDB2C59460400B6DFA1 /* AuthorHeader.swift */,
				A776EE0C2C45AA2E00CA3139 /* AvatarView.swift */,
				A7BB5C032C5D5BC000B6DFA1 /* BubbleView.swift */,
				74436B152CD87B17007B4B3B /* CardView.swift */,
				A776EDCC2C457BB800CA3139 /* ContentView.swift */,
				A790BCFF2CCC45F7004E4761 /* ExploreNav.swift */,
				A790BCF82CCBE821004E4761 /* ExploreView.swift */,
				A7E3AAC22CDBE2BB0064B62A /* InstanceList.swift */,
				A7BB5C012C5C1E2E00B6DFA1 /* LoginView.swift */,
				A775DAC42CCACE5700492319 /* PostActionBar.swift */,
				A7BB5C072C5D624F00B6DFA1 /* PostComposer.swift */,
				A776EE102C45BF9400CA3139 /* PostDetailView.swift */,
				A776EE0A2C459FFC00CA3139 /* PostView.swift */,
				A7E381502C6AB3C100A94FB0 /* ProfileNav.swift */,
				A790BCFD2CCC3EFF004E4761 /* ProfileView.swift */,
				A7E3814E2C6AB3BC00A94FB0 /* TimelineNav.swift */,
				A776EE0E2C45B29800CA3139 /* TimelineView.swift */,
			);
			path = Views;
			sourceTree = "<group>";
		};
		A776EE072C459DE900CA3139 /* Post */ = {
			isa = PBXGroup;
			children = (
				A776EE002C45973600CA3139 /* PostInfo.swift */,
				A776EE082C459DF900CA3139 /* PostsRepository.swift */,
			);
			path = Post;
			sourceTree = "<group>";
		};
		A790BCFC2CCC3ED1004E4761 /* Sources */ = {
			isa = PBXGroup;
			children = (
				A7BB5BD32C58341E00B6DFA1 /* Extensions */,
				A776EE022C459D3800CA3139 /* Models */,
				A776EE032C459D3E00CA3139 /* Observables */,
				A7BB5BFC2C5C103E00B6DFA1 /* Services */,
				A7BB5BD82C59370500B6DFA1 /* ViewModifiers */,
				A776EE042C459D4B00CA3139 /* Views */,
			);
			path = Sources;
			sourceTree = "<group>";
		};
		A7BB5BD32C58341E00B6DFA1 /* Extensions */ = {
			isa = PBXGroup;
			children = (
				A7BB5BD42C58342F00B6DFA1 /* PostInfo+AttributedBody.swift */,
			);
			path = Extensions;
			sourceTree = "<group>";
		};
		A7BB5BD82C59370500B6DFA1 /* ViewModifiers */ = {
			isa = PBXGroup;
			children = (
				A7BB5BD92C59372300B6DFA1 /* BlockQuote.swift */,
				A7BB5C052C5D5DD300B6DFA1 /* PrimaryButtonStyle.swift */,
			);
			path = ViewModifiers;
			sourceTree = "<group>";
		};
		A7BB5BF22C5AD93100B6DFA1 /* Session */ = {
			isa = PBXGroup;
			children = (
				A7BB5BF52C5AD94500B6DFA1 /* SessionInfo.swift */,
				A7BB5BF32C5AD93C00B6DFA1 /* SessionRepository.swift */,
			);
			path = Session;
			sourceTree = "<group>";
		};
		A7BB5BFC2C5C103E00B6DFA1 /* Services */ = {
			isa = PBXGroup;
			children = (
				A775DAC22CCA8BD200492319 /* AccountService.swift */,
				746519CF2CD9C2A100A238B9 /* InstanceService.swift */,
				A7BB5BFD2C5C104800B6DFA1 /* TokenService.swift */,
			);
			path = Services;
			sourceTree = "<group>";
		};
/* End PBXGroup section */

/* Begin PBXNativeTarget section */
		A776EDC62C457BB800CA3139 /* Diver */ = {
			isa = PBXNativeTarget;
			buildConfigurationList = A776EDEC2C457BB900CA3139 /* Build configuration list for PBXNativeTarget "Diver" */;
			buildPhases = (
				A776EDC32C457BB800CA3139 /* Sources */,
				A776EDC42C457BB800CA3139 /* Frameworks */,
				A776EDC52C457BB800CA3139 /* Resources */,
			);
			buildRules = (
			);
			dependencies = (
			);
			name = Diver;
			packageProductDependencies = (
				A776EDF62C457C0300CA3139 /* TootSDK */,
				A7BB5BFA2C5C08BF00B6DFA1 /* SwiftKeychainWrapper */,
			);
			productName = Diver;
			productReference = A776EDC72C457BB800CA3139 /* Diver.app */;
			productType = "com.apple.product-type.application";
		};
		A776EDD72C457BB900CA3139 /* DiverTests */ = {
			isa = PBXNativeTarget;
			buildConfigurationList = A776EDEF2C457BB900CA3139 /* Build configuration list for PBXNativeTarget "DiverTests" */;
			buildPhases = (
				A776EDD42C457BB900CA3139 /* Sources */,
				A776EDD52C457BB900CA3139 /* Frameworks */,
				A776EDD62C457BB900CA3139 /* Resources */,
			);
			buildRules = (
			);
			dependencies = (
				A776EDDA2C457BB900CA3139 /* PBXTargetDependency */,
			);
			name = DiverTests;
			productName = DiverTests;
			productReference = A776EDD82C457BB900CA3139 /* DiverTests.xctest */;
			productType = "com.apple.product-type.bundle.unit-test";
		};
		A776EDE12C457BB900CA3139 /* DiverUITests */ = {
			isa = PBXNativeTarget;
			buildConfigurationList = A776EDF22C457BB900CA3139 /* Build configuration list for PBXNativeTarget "DiverUITests" */;
			buildPhases = (
				A776EDDE2C457BB900CA3139 /* Sources */,
				A776EDDF2C457BB900CA3139 /* Frameworks */,
				A776EDE02C457BB900CA3139 /* Resources */,
			);
			buildRules = (
			);
			dependencies = (
				A776EDE42C457BB900CA3139 /* PBXTargetDependency */,
			);
			name = DiverUITests;
			productName = DiverUITests;
			productReference = A776EDE22C457BB900CA3139 /* DiverUITests.xctest */;
			productType = "com.apple.product-type.bundle.ui-testing";
		};
/* End PBXNativeTarget section */

/* Begin PBXProject section */
		A776EDBF2C457BB800CA3139 /* Project object */ = {
			isa = PBXProject;
			attributes = {
				BuildIndependentTargetsInParallel = 1;
				LastSwiftUpdateCheck = 1540;
				LastUpgradeCheck = 1600;
				TargetAttributes = {
					A776EDC62C457BB800CA3139 = {
						CreatedOnToolsVersion = 15.4;
					};
					A776EDD72C457BB900CA3139 = {
						CreatedOnToolsVersion = 15.4;
						TestTargetID = A776EDC62C457BB800CA3139;
					};
					A776EDE12C457BB900CA3139 = {
						CreatedOnToolsVersion = 15.4;
						TestTargetID = A776EDC62C457BB800CA3139;
					};
				};
			};
			buildConfigurationList = A776EDC22C457BB800CA3139 /* Build configuration list for PBXProject "Diver" */;
			compatibilityVersion = "Xcode 14.0";
			developmentRegion = en;
			hasScannedForEncodings = 0;
			knownRegions = (
				en,
				Base,
				es,
			);
			mainGroup = A776EDBE2C457BB800CA3139;
			packageReferences = (
				A776EDF52C457C0300CA3139 /* XCRemoteSwiftPackageReference "TootSDK" */,
				A7BB5BF92C5C08BF00B6DFA1 /* XCRemoteSwiftPackageReference "SwiftKeychainWrapper" */,
			);
			productRefGroup = A776EDC82C457BB800CA3139 /* Products */;
			projectDirPath = "";
			projectRoot = "";
			targets = (
				A776EDC62C457BB800CA3139 /* Diver */,
				A776EDD72C457BB900CA3139 /* DiverTests */,
				A776EDE12C457BB900CA3139 /* DiverUITests */,
			);
		};
/* End PBXProject section */

/* Begin PBXResourcesBuildPhase section */
		A776EDC52C457BB800CA3139 /* Resources */ = {
			isa = PBXResourcesBuildPhase;
			buildActionMask = 2147483647;
			files = (
				A776EDD32C457BB900CA3139 /* Preview Assets.xcassets in Resources */,
				A776EDCF2C457BB900CA3139 /* Assets.xcassets in Resources */,
				A7BB5BD72C592AC800B6DFA1 /* Localizable.xcstrings in Resources */,
			);
			runOnlyForDeploymentPostprocessing = 0;
		};
		A776EDD62C457BB900CA3139 /* Resources */ = {
			isa = PBXResourcesBuildPhase;
			buildActionMask = 2147483647;
			files = (
			);
			runOnlyForDeploymentPostprocessing = 0;
		};
		A776EDE02C457BB900CA3139 /* Resources */ = {
			isa = PBXResourcesBuildPhase;
			buildActionMask = 2147483647;
			files = (
			);
			runOnlyForDeploymentPostprocessing = 0;
		};
/* End PBXResourcesBuildPhase section */

/* Begin PBXSourcesBuildPhase section */
		A776EDC32C457BB800CA3139 /* Sources */ = {
			isa = PBXSourcesBuildPhase;
			buildActionMask = 2147483647;
			files = (
				A7E3814F2C6AB3BC00A94FB0 /* TimelineNav.swift in Sources */,
				A776EE0F2C45B29800CA3139 /* TimelineView.swift in Sources */,
				A7E3AABF2CDAAC4F0064B62A /* Instances.swift in Sources */,
				746519D62CD9C65C00A238B9 /* InstanceInfo.swift in Sources */,
				A7BB5BD52C58342F00B6DFA1 /* PostInfo+AttributedBody.swift in Sources */,
				A775DAC52CCACE5700492319 /* PostActionBar.swift in Sources */,
				A776EE112C45BF9400CA3139 /* PostDetailView.swift in Sources */,
				A7BB5C082C5D624F00B6DFA1 /* PostComposer.swift in Sources */,
				A790BCF92CCBE821004E4761 /* ExploreView.swift in Sources */,
				A7BB5BDC2C59460400B6DFA1 /* AuthorHeader.swift in Sources */,
				A7BB5C022C5C1E2E00B6DFA1 /* LoginView.swift in Sources */,
				A776EE0B2C459FFC00CA3139 /* PostView.swift in Sources */,
				74436B162CD87B17007B4B3B /* CardView.swift in Sources */,
				A7BB5C062C5D5DD300B6DFA1 /* PrimaryButtonStyle.swift in Sources */,
				A7BB5BDA2C59372300B6DFA1 /* BlockQuote.swift in Sources */,
				A775DAC32CCA8BD700492319 /* AccountService.swift in Sources */,
				A7BB5BF42C5AD93C00B6DFA1 /* SessionRepository.swift in Sources */,
				A7BB5BC62C4AEB3F00B6DFA1 /* AppDelegate.swift in Sources */,
				A7E3AAC32CDBE2BB0064B62A /* InstanceList.swift in Sources */,
				A7BB5BC22C4ABD7B00B6DFA1 /* Navigator.swift in Sources */,
				A775DAC12CC99F7500492319 /* AccountInfo.swift in Sources */,
				A7BB5BEF2C5AD1BC00B6DFA1 /* Session.swift in Sources */,
				A776EE062C459DDA00CA3139 /* Failure.swift in Sources */,
				A776EE092C459DF900CA3139 /* PostsRepository.swift in Sources */,
				A776EDCD2C457BB800CA3139 /* ContentView.swift in Sources */,
				746519D02CD9C2A100A238B9 /* InstanceService.swift in Sources */,
				A7BB5BCF2C51748100B6DFA1 /* Notifications.swift in Sources */,
				A7BB5BF62C5AD94500B6DFA1 /* SessionInfo.swift in Sources */,
				A776EDF92C457DE500CA3139 /* Posts.swift in Sources */,
				A7BB5C042C5D5BC000B6DFA1 /* BubbleView.swift in Sources */,
				A790BCF72CCBE64A004E4761 /* AccountRepository.swift in Sources */,
				A790BD002CCC45F7004E4761 /* ExploreNav.swift in Sources */,
				A790BCFE2CCC3EFF004E4761 /* ProfileView.swift in Sources */,
				A7E381512C6AB3C100A94FB0 /* ProfileNav.swift in Sources */,
				746519D82CD9C66300A238B9 /* InstanceRepository.swift in Sources */,
				A7BB5BC02C4AB6DF00B6DFA1 /* Values.swift in Sources */,
				A776EE0D2C45AA2E00CA3139 /* AvatarView.swift in Sources */,
				A776EDCB2C457BB800CA3139 /* DiverApp.swift in Sources */,
				A776EE012C45973600CA3139 /* PostInfo.swift in Sources */,
				A790BCFB2CCBE846004E4761 /* Accounts.swift in Sources */,
				A7BB5BFE2C5C104800B6DFA1 /* TokenService.swift in Sources */,
			);
			runOnlyForDeploymentPostprocessing = 0;
		};
		A776EDD42C457BB900CA3139 /* Sources */ = {
			isa = PBXSourcesBuildPhase;
			buildActionMask = 2147483647;
			files = (
				A7BB5BF82C5BDFD900B6DFA1 /* SessionTests.swift in Sources */,
				A776EDDD2C457BB900CA3139 /* DiverTests.swift in Sources */,
				A7E3AAC12CDAACBC0064B62A /* InstanceTests.swift in Sources */,
				A7BB5BCD2C50361B00B6DFA1 /* PostsTests.swift in Sources */,
			);
			runOnlyForDeploymentPostprocessing = 0;
		};
		A776EDDE2C457BB900CA3139 /* Sources */ = {
			isa = PBXSourcesBuildPhase;
			buildActionMask = 2147483647;
			files = (
				A776EDE72C457BB900CA3139 /* DiverUITests.swift in Sources */,
				A776EDE92C457BB900CA3139 /* DiverUITestsLaunchTests.swift in Sources */,
			);
			runOnlyForDeploymentPostprocessing = 0;
		};
/* End PBXSourcesBuildPhase section */

/* Begin PBXTargetDependency section */
		A776EDDA2C457BB900CA3139 /* PBXTargetDependency */ = {
			isa = PBXTargetDependency;
			target = A776EDC62C457BB800CA3139 /* Diver */;
			targetProxy = A776EDD92C457BB900CA3139 /* PBXContainerItemProxy */;
		};
		A776EDE42C457BB900CA3139 /* PBXTargetDependency */ = {
			isa = PBXTargetDependency;
			target = A776EDC62C457BB800CA3139 /* Diver */;
			targetProxy = A776EDE32C457BB900CA3139 /* PBXContainerItemProxy */;
		};
/* End PBXTargetDependency section */

/* Begin XCBuildConfiguration section */
		A776EDEA2C457BB900CA3139 /* Debug */ = {
			isa = XCBuildConfiguration;
			buildSettings = {
				ALWAYS_SEARCH_USER_PATHS = NO;
				ASSETCATALOG_COMPILER_GENERATE_SWIFT_ASSET_SYMBOL_EXTENSIONS = YES;
				CLANG_ANALYZER_LOCALIZABILITY_NONLOCALIZED = YES;
				CLANG_ANALYZER_NONNULL = YES;
				CLANG_ANALYZER_NUMBER_OBJECT_CONVERSION = YES_AGGRESSIVE;
				CLANG_CXX_LANGUAGE_STANDARD = "gnu++20";
				CLANG_ENABLE_MODULES = YES;
				CLANG_ENABLE_OBJC_ARC = YES;
				CLANG_ENABLE_OBJC_WEAK = YES;
				CLANG_WARN_BLOCK_CAPTURE_AUTORELEASING = YES;
				CLANG_WARN_BOOL_CONVERSION = YES;
				CLANG_WARN_COMMA = YES;
				CLANG_WARN_CONSTANT_CONVERSION = YES;
				CLANG_WARN_DEPRECATED_OBJC_IMPLEMENTATIONS = YES;
				CLANG_WARN_DIRECT_OBJC_ISA_USAGE = YES_ERROR;
				CLANG_WARN_DOCUMENTATION_COMMENTS = YES;
				CLANG_WARN_EMPTY_BODY = YES;
				CLANG_WARN_ENUM_CONVERSION = YES;
				CLANG_WARN_INFINITE_RECURSION = YES;
				CLANG_WARN_INT_CONVERSION = YES;
				CLANG_WARN_NON_LITERAL_NULL_CONVERSION = YES;
				CLANG_WARN_OBJC_IMPLICIT_RETAIN_SELF = YES;
				CLANG_WARN_OBJC_LITERAL_CONVERSION = YES;
				CLANG_WARN_OBJC_ROOT_CLASS = YES_ERROR;
				CLANG_WARN_QUOTED_INCLUDE_IN_FRAMEWORK_HEADER = YES;
				CLANG_WARN_RANGE_LOOP_ANALYSIS = YES;
				CLANG_WARN_STRICT_PROTOTYPES = YES;
				CLANG_WARN_SUSPICIOUS_MOVE = YES;
				CLANG_WARN_UNGUARDED_AVAILABILITY = YES_AGGRESSIVE;
				CLANG_WARN_UNREACHABLE_CODE = YES;
				CLANG_WARN__DUPLICATE_METHOD_MATCH = YES;
				COPY_PHASE_STRIP = NO;
				DEAD_CODE_STRIPPING = YES;
				DEBUG_INFORMATION_FORMAT = dwarf;
				ENABLE_STRICT_OBJC_MSGSEND = YES;
				ENABLE_TESTABILITY = YES;
				ENABLE_USER_SCRIPT_SANDBOXING = YES;
				GCC_C_LANGUAGE_STANDARD = gnu17;
				GCC_DYNAMIC_NO_PIC = NO;
				GCC_NO_COMMON_BLOCKS = YES;
				GCC_OPTIMIZATION_LEVEL = 0;
				GCC_PREPROCESSOR_DEFINITIONS = (
					"DEBUG=1",
					"$(inherited)",
				);
				GCC_WARN_64_TO_32_BIT_CONVERSION = YES;
				GCC_WARN_ABOUT_RETURN_TYPE = YES_ERROR;
				GCC_WARN_UNDECLARED_SELECTOR = YES;
				GCC_WARN_UNINITIALIZED_AUTOS = YES_AGGRESSIVE;
				GCC_WARN_UNUSED_FUNCTION = YES;
				GCC_WARN_UNUSED_VARIABLE = YES;
				LOCALIZATION_PREFERS_STRING_CATALOGS = YES;
				MTL_ENABLE_DEBUG_INFO = INCLUDE_SOURCE;
				MTL_FAST_MATH = YES;
				ONLY_ACTIVE_ARCH = YES;
				SWIFT_ACTIVE_COMPILATION_CONDITIONS = "DEBUG $(inherited)";
				SWIFT_OPTIMIZATION_LEVEL = "-Onone";
			};
			name = Debug;
		};
		A776EDEB2C457BB900CA3139 /* Release */ = {
			isa = XCBuildConfiguration;
			buildSettings = {
				ALWAYS_SEARCH_USER_PATHS = NO;
				ASSETCATALOG_COMPILER_GENERATE_SWIFT_ASSET_SYMBOL_EXTENSIONS = YES;
				CLANG_ANALYZER_LOCALIZABILITY_NONLOCALIZED = YES;
				CLANG_ANALYZER_NONNULL = YES;
				CLANG_ANALYZER_NUMBER_OBJECT_CONVERSION = YES_AGGRESSIVE;
				CLANG_CXX_LANGUAGE_STANDARD = "gnu++20";
				CLANG_ENABLE_MODULES = YES;
				CLANG_ENABLE_OBJC_ARC = YES;
				CLANG_ENABLE_OBJC_WEAK = YES;
				CLANG_WARN_BLOCK_CAPTURE_AUTORELEASING = YES;
				CLANG_WARN_BOOL_CONVERSION = YES;
				CLANG_WARN_COMMA = YES;
				CLANG_WARN_CONSTANT_CONVERSION = YES;
				CLANG_WARN_DEPRECATED_OBJC_IMPLEMENTATIONS = YES;
				CLANG_WARN_DIRECT_OBJC_ISA_USAGE = YES_ERROR;
				CLANG_WARN_DOCUMENTATION_COMMENTS = YES;
				CLANG_WARN_EMPTY_BODY = YES;
				CLANG_WARN_ENUM_CONVERSION = YES;
				CLANG_WARN_INFINITE_RECURSION = YES;
				CLANG_WARN_INT_CONVERSION = YES;
				CLANG_WARN_NON_LITERAL_NULL_CONVERSION = YES;
				CLANG_WARN_OBJC_IMPLICIT_RETAIN_SELF = YES;
				CLANG_WARN_OBJC_LITERAL_CONVERSION = YES;
				CLANG_WARN_OBJC_ROOT_CLASS = YES_ERROR;
				CLANG_WARN_QUOTED_INCLUDE_IN_FRAMEWORK_HEADER = YES;
				CLANG_WARN_RANGE_LOOP_ANALYSIS = YES;
				CLANG_WARN_STRICT_PROTOTYPES = YES;
				CLANG_WARN_SUSPICIOUS_MOVE = YES;
				CLANG_WARN_UNGUARDED_AVAILABILITY = YES_AGGRESSIVE;
				CLANG_WARN_UNREACHABLE_CODE = YES;
				CLANG_WARN__DUPLICATE_METHOD_MATCH = YES;
				COPY_PHASE_STRIP = NO;
				DEAD_CODE_STRIPPING = YES;
				DEBUG_INFORMATION_FORMAT = "dwarf-with-dsym";
				ENABLE_NS_ASSERTIONS = NO;
				ENABLE_STRICT_OBJC_MSGSEND = YES;
				ENABLE_USER_SCRIPT_SANDBOXING = YES;
				GCC_C_LANGUAGE_STANDARD = gnu17;
				GCC_NO_COMMON_BLOCKS = YES;
				GCC_WARN_64_TO_32_BIT_CONVERSION = YES;
				GCC_WARN_ABOUT_RETURN_TYPE = YES_ERROR;
				GCC_WARN_UNDECLARED_SELECTOR = YES;
				GCC_WARN_UNINITIALIZED_AUTOS = YES_AGGRESSIVE;
				GCC_WARN_UNUSED_FUNCTION = YES;
				GCC_WARN_UNUSED_VARIABLE = YES;
				LOCALIZATION_PREFERS_STRING_CATALOGS = YES;
				MTL_ENABLE_DEBUG_INFO = NO;
				MTL_FAST_MATH = YES;
				SWIFT_COMPILATION_MODE = wholemodule;
			};
			name = Release;
		};
		A776EDED2C457BB900CA3139 /* Debug */ = {
			isa = XCBuildConfiguration;
			buildSettings = {
				ASSETCATALOG_COMPILER_APPICON_NAME = AppIcon;
				ASSETCATALOG_COMPILER_GLOBAL_ACCENT_COLOR_NAME = AccentColor;
				CODE_SIGN_ENTITLEMENTS = Diver/Diver.entitlements;
				CODE_SIGN_STYLE = Automatic;
				CURRENT_PROJECT_VERSION = 1;
				DEAD_CODE_STRIPPING = YES;
				DEVELOPMENT_ASSET_PATHS = "\"Diver/Preview Content\"";
				DEVELOPMENT_TEAM = 5X67Z523N9;
				ENABLE_HARDENED_RUNTIME = YES;
				ENABLE_PREVIEWS = YES;
				GENERATE_INFOPLIST_FILE = YES;
				INFOPLIST_FILE = Diver/Info.plist;
				"INFOPLIST_KEY_UIApplicationSceneManifest_Generation[sdk=iphoneos*]" = YES;
				"INFOPLIST_KEY_UIApplicationSceneManifest_Generation[sdk=iphonesimulator*]" = YES;
				"INFOPLIST_KEY_UIApplicationSupportsIndirectInputEvents[sdk=iphoneos*]" = YES;
				"INFOPLIST_KEY_UIApplicationSupportsIndirectInputEvents[sdk=iphonesimulator*]" = YES;
				"INFOPLIST_KEY_UILaunchScreen_Generation[sdk=iphoneos*]" = YES;
				"INFOPLIST_KEY_UILaunchScreen_Generation[sdk=iphonesimulator*]" = YES;
				"INFOPLIST_KEY_UIStatusBarStyle[sdk=iphoneos*]" = UIStatusBarStyleDefault;
				"INFOPLIST_KEY_UIStatusBarStyle[sdk=iphonesimulator*]" = UIStatusBarStyleDefault;
				INFOPLIST_KEY_UISupportedInterfaceOrientations_iPad = "UIInterfaceOrientationPortrait UIInterfaceOrientationPortraitUpsideDown UIInterfaceOrientationLandscapeLeft UIInterfaceOrientationLandscapeRight";
				INFOPLIST_KEY_UISupportedInterfaceOrientations_iPhone = "UIInterfaceOrientationPortrait UIInterfaceOrientationLandscapeLeft UIInterfaceOrientationLandscapeRight";
				IPHONEOS_DEPLOYMENT_TARGET = 17.5;
				LD_RUNPATH_SEARCH_PATHS = "@executable_path/Frameworks";
				"LD_RUNPATH_SEARCH_PATHS[sdk=macosx*]" = "@executable_path/../Frameworks";
				MACOSX_DEPLOYMENT_TARGET = 14.5;
				MARKETING_VERSION = 1.0;
				PRODUCT_BUNDLE_IDENTIFIER = net.sudonym.Diver;
				PRODUCT_NAME = "$(TARGET_NAME)";
				SDKROOT = auto;
				SUPPORTED_PLATFORMS = "iphoneos iphonesimulator";
				SUPPORTS_MACCATALYST = NO;
				SWIFT_EMIT_LOC_STRINGS = YES;
				SWIFT_VERSION = 5.0;
				TARGETED_DEVICE_FAMILY = "1,2";
			};
			name = Debug;
		};
		A776EDEE2C457BB900CA3139 /* Release */ = {
			isa = XCBuildConfiguration;
			buildSettings = {
				ASSETCATALOG_COMPILER_APPICON_NAME = AppIcon;
				ASSETCATALOG_COMPILER_GLOBAL_ACCENT_COLOR_NAME = AccentColor;
				CODE_SIGN_ENTITLEMENTS = Diver/Diver.entitlements;
				CODE_SIGN_STYLE = Automatic;
				CURRENT_PROJECT_VERSION = 1;
				DEAD_CODE_STRIPPING = YES;
				DEVELOPMENT_ASSET_PATHS = "\"Diver/Preview Content\"";
				DEVELOPMENT_TEAM = 5X67Z523N9;
				ENABLE_HARDENED_RUNTIME = YES;
				ENABLE_PREVIEWS = YES;
				GENERATE_INFOPLIST_FILE = YES;
				INFOPLIST_FILE = Diver/Info.plist;
				"INFOPLIST_KEY_UIApplicationSceneManifest_Generation[sdk=iphoneos*]" = YES;
				"INFOPLIST_KEY_UIApplicationSceneManifest_Generation[sdk=iphonesimulator*]" = YES;
				"INFOPLIST_KEY_UIApplicationSupportsIndirectInputEvents[sdk=iphoneos*]" = YES;
				"INFOPLIST_KEY_UIApplicationSupportsIndirectInputEvents[sdk=iphonesimulator*]" = YES;
				"INFOPLIST_KEY_UILaunchScreen_Generation[sdk=iphoneos*]" = YES;
				"INFOPLIST_KEY_UILaunchScreen_Generation[sdk=iphonesimulator*]" = YES;
				"INFOPLIST_KEY_UIStatusBarStyle[sdk=iphoneos*]" = UIStatusBarStyleDefault;
				"INFOPLIST_KEY_UIStatusBarStyle[sdk=iphonesimulator*]" = UIStatusBarStyleDefault;
				INFOPLIST_KEY_UISupportedInterfaceOrientations_iPad = "UIInterfaceOrientationPortrait UIInterfaceOrientationPortraitUpsideDown UIInterfaceOrientationLandscapeLeft UIInterfaceOrientationLandscapeRight";
				INFOPLIST_KEY_UISupportedInterfaceOrientations_iPhone = "UIInterfaceOrientationPortrait UIInterfaceOrientationLandscapeLeft UIInterfaceOrientationLandscapeRight";
				IPHONEOS_DEPLOYMENT_TARGET = 17.5;
				LD_RUNPATH_SEARCH_PATHS = "@executable_path/Frameworks";
				"LD_RUNPATH_SEARCH_PATHS[sdk=macosx*]" = "@executable_path/../Frameworks";
				MACOSX_DEPLOYMENT_TARGET = 14.5;
				MARKETING_VERSION = 1.0;
				PRODUCT_BUNDLE_IDENTIFIER = net.sudonym.Diver;
				PRODUCT_NAME = "$(TARGET_NAME)";
				SDKROOT = auto;
				SUPPORTED_PLATFORMS = "iphoneos iphonesimulator";
				SUPPORTS_MACCATALYST = NO;
				SWIFT_EMIT_LOC_STRINGS = YES;
				SWIFT_VERSION = 5.0;
				TARGETED_DEVICE_FAMILY = "1,2";
			};
			name = Release;
		};
		A776EDF02C457BB900CA3139 /* Debug */ = {
			isa = XCBuildConfiguration;
			buildSettings = {
				BUNDLE_LOADER = "$(TEST_HOST)";
				CODE_SIGN_STYLE = Automatic;
				CURRENT_PROJECT_VERSION = 1;
				DEAD_CODE_STRIPPING = YES;
				DEVELOPMENT_TEAM = 5X67Z523N9;
				GENERATE_INFOPLIST_FILE = YES;
				IPHONEOS_DEPLOYMENT_TARGET = 17.5;
				MACOSX_DEPLOYMENT_TARGET = 14.5;
				MARKETING_VERSION = 1.0;
				PRODUCT_BUNDLE_IDENTIFIER = net.sudonym.DiverTests;
				PRODUCT_NAME = "$(TARGET_NAME)";
				SDKROOT = auto;
				SUPPORTED_PLATFORMS = "iphoneos iphonesimulator macosx";
				SWIFT_EMIT_LOC_STRINGS = NO;
				SWIFT_VERSION = 5.0;
				TARGETED_DEVICE_FAMILY = "1,2";
				TEST_HOST = "$(BUILT_PRODUCTS_DIR)/Diver.app/$(BUNDLE_EXECUTABLE_FOLDER_PATH)/Diver";
			};
			name = Debug;
		};
		A776EDF12C457BB900CA3139 /* Release */ = {
			isa = XCBuildConfiguration;
			buildSettings = {
				BUNDLE_LOADER = "$(TEST_HOST)";
				CODE_SIGN_STYLE = Automatic;
				CURRENT_PROJECT_VERSION = 1;
				DEAD_CODE_STRIPPING = YES;
				DEVELOPMENT_TEAM = 5X67Z523N9;
				GENERATE_INFOPLIST_FILE = YES;
				IPHONEOS_DEPLOYMENT_TARGET = 17.5;
				MACOSX_DEPLOYMENT_TARGET = 14.5;
				MARKETING_VERSION = 1.0;
				PRODUCT_BUNDLE_IDENTIFIER = net.sudonym.DiverTests;
				PRODUCT_NAME = "$(TARGET_NAME)";
				SDKROOT = auto;
				SUPPORTED_PLATFORMS = "iphoneos iphonesimulator macosx";
				SWIFT_EMIT_LOC_STRINGS = NO;
				SWIFT_VERSION = 5.0;
				TARGETED_DEVICE_FAMILY = "1,2";
				TEST_HOST = "$(BUILT_PRODUCTS_DIR)/Diver.app/$(BUNDLE_EXECUTABLE_FOLDER_PATH)/Diver";
			};
			name = Release;
		};
		A776EDF32C457BB900CA3139 /* Debug */ = {
			isa = XCBuildConfiguration;
			buildSettings = {
				CODE_SIGN_STYLE = Automatic;
				CURRENT_PROJECT_VERSION = 1;
				DEAD_CODE_STRIPPING = YES;
				DEVELOPMENT_TEAM = 5X67Z523N9;
				GENERATE_INFOPLIST_FILE = YES;
				IPHONEOS_DEPLOYMENT_TARGET = 17.5;
				MACOSX_DEPLOYMENT_TARGET = 14.5;
				MARKETING_VERSION = 1.0;
				PRODUCT_BUNDLE_IDENTIFIER = net.sudonym.DiverUITests;
				PRODUCT_NAME = "$(TARGET_NAME)";
				SDKROOT = auto;
				SUPPORTED_PLATFORMS = "iphoneos iphonesimulator macosx";
				SWIFT_EMIT_LOC_STRINGS = NO;
				SWIFT_VERSION = 5.0;
				TARGETED_DEVICE_FAMILY = "1,2";
				TEST_TARGET_NAME = Diver;
			};
			name = Debug;
		};
		A776EDF42C457BB900CA3139 /* Release */ = {
			isa = XCBuildConfiguration;
			buildSettings = {
				CODE_SIGN_STYLE = Automatic;
				CURRENT_PROJECT_VERSION = 1;
				DEAD_CODE_STRIPPING = YES;
				DEVELOPMENT_TEAM = 5X67Z523N9;
				GENERATE_INFOPLIST_FILE = YES;
				IPHONEOS_DEPLOYMENT_TARGET = 17.5;
				MACOSX_DEPLOYMENT_TARGET = 14.5;
				MARKETING_VERSION = 1.0;
				PRODUCT_BUNDLE_IDENTIFIER = net.sudonym.DiverUITests;
				PRODUCT_NAME = "$(TARGET_NAME)";
				SDKROOT = auto;
				SUPPORTED_PLATFORMS = "iphoneos iphonesimulator macosx";
				SWIFT_EMIT_LOC_STRINGS = NO;
				SWIFT_VERSION = 5.0;
				TARGETED_DEVICE_FAMILY = "1,2";
				TEST_TARGET_NAME = Diver;
			};
			name = Release;
		};
/* End XCBuildConfiguration section */

/* Begin XCConfigurationList section */
		A776EDC22C457BB800CA3139 /* Build configuration list for PBXProject "Diver" */ = {
			isa = XCConfigurationList;
			buildConfigurations = (
				A776EDEA2C457BB900CA3139 /* Debug */,
				A776EDEB2C457BB900CA3139 /* Release */,
			);
			defaultConfigurationIsVisible = 0;
			defaultConfigurationName = Release;
		};
		A776EDEC2C457BB900CA3139 /* Build configuration list for PBXNativeTarget "Diver" */ = {
			isa = XCConfigurationList;
			buildConfigurations = (
				A776EDED2C457BB900CA3139 /* Debug */,
				A776EDEE2C457BB900CA3139 /* Release */,
			);
			defaultConfigurationIsVisible = 0;
			defaultConfigurationName = Release;
		};
		A776EDEF2C457BB900CA3139 /* Build configuration list for PBXNativeTarget "DiverTests" */ = {
			isa = XCConfigurationList;
			buildConfigurations = (
				A776EDF02C457BB900CA3139 /* Debug */,
				A776EDF12C457BB900CA3139 /* Release */,
			);
			defaultConfigurationIsVisible = 0;
			defaultConfigurationName = Release;
		};
		A776EDF22C457BB900CA3139 /* Build configuration list for PBXNativeTarget "DiverUITests" */ = {
			isa = XCConfigurationList;
			buildConfigurations = (
				A776EDF32C457BB900CA3139 /* Debug */,
				A776EDF42C457BB900CA3139 /* Release */,
			);
			defaultConfigurationIsVisible = 0;
			defaultConfigurationName = Release;
		};
/* End XCConfigurationList section */

/* Begin XCRemoteSwiftPackageReference section */
		A776EDF52C457C0300CA3139 /* XCRemoteSwiftPackageReference "TootSDK" */ = {
			isa = XCRemoteSwiftPackageReference;
			repositoryURL = "https://github.com/TootSDK/TootSDK";
			requirement = {
				kind = upToNextMajorVersion;
				minimumVersion = 6.0.0;
			};
		};
		A7BB5BF92C5C08BF00B6DFA1 /* XCRemoteSwiftPackageReference "SwiftKeychainWrapper" */ = {
			isa = XCRemoteSwiftPackageReference;
			repositoryURL = "https://github.com/jrendel/SwiftKeychainWrapper.git";
			requirement = {
				kind = upToNextMajorVersion;
				minimumVersion = 4.0.1;
			};
		};
/* End XCRemoteSwiftPackageReference section */

/* Begin XCSwiftPackageProductDependency section */
		A776EDF62C457C0300CA3139 /* TootSDK */ = {
			isa = XCSwiftPackageProductDependency;
			package = A776EDF52C457C0300CA3139 /* XCRemoteSwiftPackageReference "TootSDK" */;
			productName = TootSDK;
		};
		A7BB5BFA2C5C08BF00B6DFA1 /* SwiftKeychainWrapper */ = {
			isa = XCSwiftPackageProductDependency;
			package = A7BB5BF92C5C08BF00B6DFA1 /* XCRemoteSwiftPackageReference "SwiftKeychainWrapper" */;
			productName = SwiftKeychainWrapper;
		};
/* End XCSwiftPackageProductDependency section */
	};
	rootObject = A776EDBF2C457BB800CA3139 /* Project object */;
}
